// !$*UTF8*$!
{
	archiveVersion = 1;
	classes = {
	};
	objectVersion = 51;
	objects = {

/* Begin PBXBuildFile section */
		43BD96F4F6CE2B4D1B017837 /* Pods_test.framework in Frameworks */ = {isa = PBXBuildFile; fileRef = 336DB90D59DC2D8DC8566DAC /* Pods_test.framework */; };
		562E5303262ADEEC00A76504 /* graycheck_btn@3x.png in Resources */ = {isa = PBXBuildFile; fileRef = 562E5301262ADEEC00A76504 /* graycheck_btn@3x.png */; };
		562E5304262ADEEC00A76504 /* greencheck_btn@3x.png in Resources */ = {isa = PBXBuildFile; fileRef = 562E5302262ADEEC00A76504 /* greencheck_btn@3x.png */; };
		56D1F33D262566CB00B9FFFC /* eventData.swift in Sources */ = {isa = PBXBuildFile; fileRef = 56D1F33C262566CB00B9FFFC /* eventData.swift */; };
		56D1F3442625676F00B9FFFC /* addEvent.swift in Sources */ = {isa = PBXBuildFile; fileRef = 56D1F3432625676F00B9FFFC /* addEvent.swift */; };
		56D1F3482625678800B9FFFC /* selectDate.swift in Sources */ = {isa = PBXBuildFile; fileRef = 56D1F3472625678800B9FFFC /* selectDate.swift */; };
		56D1F34C2625679F00B9FFFC /* MainViewController.swift in Sources */ = {isa = PBXBuildFile; fileRef = 56D1F34B2625679F00B9FFFC /* MainViewController.swift */; };
		C62A942C258E375D0033CC46 /* ColorSelect.swift in Sources */ = {isa = PBXBuildFile; fileRef = C62A942B258E375D0033CC46 /* ColorSelect.swift */; };
		C62A94492590EB7F0033CC46 /* yellow_BCircle@3x.png in Resources */ = {isa = PBXBuildFile; fileRef = C62A94452590EB7E0033CC46 /* yellow_BCircle@3x.png */; };
		C62A944A2590EB7F0033CC46 /* blue_BCircle@3x.png in Resources */ = {isa = PBXBuildFile; fileRef = C62A94462590EB7E0033CC46 /* blue_BCircle@3x.png */; };
		C62A944B2590EB7F0033CC46 /* pink_BCircle@3x.png in Resources */ = {isa = PBXBuildFile; fileRef = C62A94472590EB7E0033CC46 /* pink_BCircle@3x.png */; };
		C62A944C2590EB7F0033CC46 /* green_BCircle@3x.png in Resources */ = {isa = PBXBuildFile; fileRef = C62A94482590EB7E0033CC46 /* green_BCircle@3x.png */; };
		C64CFBA0252775D40037431F /* AppDelegate.swift in Sources */ = {isa = PBXBuildFile; fileRef = C64CFB9F252775D40037431F /* AppDelegate.swift */; };
		C64CFBA2252775D40037431F /* SceneDelegate.swift in Sources */ = {isa = PBXBuildFile; fileRef = C64CFBA1252775D40037431F /* SceneDelegate.swift */; };
		C64CFBA4252775D40037431F /* ViewController.swift in Sources */ = {isa = PBXBuildFile; fileRef = C64CFBA3252775D40037431F /* ViewController.swift */; };
		C64CFBA7252775D40037431F /* Main.storyboard in Resources */ = {isa = PBXBuildFile; fileRef = C64CFBA5252775D40037431F /* Main.storyboard */; };
		C64CFBAA252775D40037431F /* test.xcdatamodeld in Sources */ = {isa = PBXBuildFile; fileRef = C64CFBA8252775D40037431F /* test.xcdatamodeld */; };
		C64CFBAC252775D70037431F /* Assets.xcassets in Resources */ = {isa = PBXBuildFile; fileRef = C64CFBAB252775D70037431F /* Assets.xcassets */; };
		C64CFBAF252775D70037431F /* LaunchScreen.storyboard in Resources */ = {isa = PBXBuildFile; fileRef = C64CFBAD252775D70037431F /* LaunchScreen.storyboard */; };
		C687A8862530B16000FA1C91 /* TodayController.swift in Sources */ = {isa = PBXBuildFile; fileRef = C687A8852530B16000FA1C91 /* TodayController.swift */; };
		C687A8882530B2AE00FA1C91 /* CalenderController.swift in Sources */ = {isa = PBXBuildFile; fileRef = C687A8872530B2AE00FA1C91 /* CalenderController.swift */; };
		C687A88A2530B2EF00FA1C91 /* TargetController.swift in Sources */ = {isa = PBXBuildFile; fileRef = C687A8892530B2EF00FA1C91 /* TargetController.swift */; };
		C687A88C2530B32000FA1C91 /* SettingsController.swift in Sources */ = {isa = PBXBuildFile; fileRef = C687A88B2530B32000FA1C91 /* SettingsController.swift */; };
		C6FD5D2D25FBBD9D0048317F /* DateCell.swift in Sources */ = {isa = PBXBuildFile; fileRef = C6FD5D2C25FBBD9D0048317F /* DateCell.swift */; };
		C6FD5D3526062D9C0048317F /* CalendarSectionHeaderView.swift in Sources */ = {isa = PBXBuildFile; fileRef = C6FD5D3326062D9C0048317F /* CalendarSectionHeaderView.swift */; };
		C6FD5D3626062D9C0048317F /* CalendarSectionHeaderView.xib in Resources */ = {isa = PBXBuildFile; fileRef = C6FD5D3426062D9C0048317F /* CalendarSectionHeaderView.xib */; };
		F4BB24FD26248B9C00B742C5 /* AddSubGFunction.swift in Sources */ = {isa = PBXBuildFile; fileRef = F4BB24FC26248B9C00B742C5 /* AddSubGFunction.swift */; };
		F4E83184261F3ADD00D2884B /* AddTargetViewController.swift in Sources */ = {isa = PBXBuildFile; fileRef = F4E83183261F3ADD00D2884B /* AddTargetViewController.swift */; };
/* End PBXBuildFile section */

/* Begin PBXFileReference section */
		0AA15F0F2E489A0D0F6ED123 /* Pods-test.release.xcconfig */ = {isa = PBXFileReference; includeInIndex = 1; lastKnownFileType = text.xcconfig; name = "Pods-test.release.xcconfig"; path = "Target Support Files/Pods-test/Pods-test.release.xcconfig"; sourceTree = "<group>"; };
		336DB90D59DC2D8DC8566DAC /* Pods_test.framework */ = {isa = PBXFileReference; explicitFileType = wrapper.framework; includeInIndex = 0; path = Pods_test.framework; sourceTree = BUILT_PRODUCTS_DIR; };
		562E5301262ADEEC00A76504 /* graycheck_btn@3x.png */ = {isa = PBXFileReference; lastKnownFileType = image.png; name = "graycheck_btn@3x.png"; path = "../../../../../Downloads/graycheck_btn@3x.png"; sourceTree = "<group>"; };
		562E5302262ADEEC00A76504 /* greencheck_btn@3x.png */ = {isa = PBXFileReference; lastKnownFileType = image.png; name = "greencheck_btn@3x.png"; path = "../../../../../Downloads/greencheck_btn@3x.png"; sourceTree = "<group>"; };
		56D1F33C262566CB00B9FFFC /* eventData.swift */ = {isa = PBXFileReference; lastKnownFileType = sourcecode.swift; path = eventData.swift; sourceTree = "<group>"; };
		56D1F3432625676F00B9FFFC /* addEvent.swift */ = {isa = PBXFileReference; lastKnownFileType = sourcecode.swift; path = addEvent.swift; sourceTree = "<group>"; };
		56D1F3472625678800B9FFFC /* selectDate.swift */ = {isa = PBXFileReference; lastKnownFileType = sourcecode.swift; path = selectDate.swift; sourceTree = "<group>"; };
		56D1F34B2625679F00B9FFFC /* MainViewController.swift */ = {isa = PBXFileReference; lastKnownFileType = sourcecode.swift; path = MainViewController.swift; sourceTree = "<group>"; };
		9B140A2FD0CA829AB15A2097 /* Pods-test.debug.xcconfig */ = {isa = PBXFileReference; includeInIndex = 1; lastKnownFileType = text.xcconfig; name = "Pods-test.debug.xcconfig"; path = "Target Support Files/Pods-test/Pods-test.debug.xcconfig"; sourceTree = "<group>"; };
		C62A942B258E375D0033CC46 /* ColorSelect.swift */ = {isa = PBXFileReference; lastKnownFileType = sourcecode.swift; path = ColorSelect.swift; sourceTree = "<group>"; };
		C62A94452590EB7E0033CC46 /* yellow_BCircle@3x.png */ = {isa = PBXFileReference; lastKnownFileType = image.png; path = "yellow_BCircle@3x.png"; sourceTree = "<group>"; };
		C62A94462590EB7E0033CC46 /* blue_BCircle@3x.png */ = {isa = PBXFileReference; lastKnownFileType = image.png; path = "blue_BCircle@3x.png"; sourceTree = "<group>"; };
		C62A94472590EB7E0033CC46 /* pink_BCircle@3x.png */ = {isa = PBXFileReference; lastKnownFileType = image.png; path = "pink_BCircle@3x.png"; sourceTree = "<group>"; };
		C62A94482590EB7E0033CC46 /* green_BCircle@3x.png */ = {isa = PBXFileReference; lastKnownFileType = image.png; path = "green_BCircle@3x.png"; sourceTree = "<group>"; };
		C64CFB9C252775D40037431F /* test.app */ = {isa = PBXFileReference; explicitFileType = wrapper.application; includeInIndex = 0; path = test.app; sourceTree = BUILT_PRODUCTS_DIR; };
		C64CFB9F252775D40037431F /* AppDelegate.swift */ = {isa = PBXFileReference; lastKnownFileType = sourcecode.swift; path = AppDelegate.swift; sourceTree = "<group>"; };
		C64CFBA1252775D40037431F /* SceneDelegate.swift */ = {isa = PBXFileReference; lastKnownFileType = sourcecode.swift; path = SceneDelegate.swift; sourceTree = "<group>"; };
		C64CFBA3252775D40037431F /* ViewController.swift */ = {isa = PBXFileReference; lastKnownFileType = sourcecode.swift; path = ViewController.swift; sourceTree = "<group>"; };
		C64CFBA6252775D40037431F /* Base */ = {isa = PBXFileReference; lastKnownFileType = file.storyboard; name = Base; path = Base.lproj/Main.storyboard; sourceTree = "<group>"; };
		C64CFBA9252775D40037431F /* test.xcdatamodel */ = {isa = PBXFileReference; lastKnownFileType = wrapper.xcdatamodel; path = test.xcdatamodel; sourceTree = "<group>"; };
		C64CFBAB252775D70037431F /* Assets.xcassets */ = {isa = PBXFileReference; lastKnownFileType = folder.assetcatalog; path = Assets.xcassets; sourceTree = "<group>"; };
		C64CFBAE252775D70037431F /* Base */ = {isa = PBXFileReference; lastKnownFileType = file.storyboard; name = Base; path = Base.lproj/LaunchScreen.storyboard; sourceTree = "<group>"; };
		C64CFBB0252775D70037431F /* Info.plist */ = {isa = PBXFileReference; lastKnownFileType = text.plist.xml; path = Info.plist; sourceTree = "<group>"; };
		C687A8852530B16000FA1C91 /* TodayController.swift */ = {isa = PBXFileReference; lastKnownFileType = sourcecode.swift; path = TodayController.swift; sourceTree = "<group>"; };
		C687A8872530B2AE00FA1C91 /* CalenderController.swift */ = {isa = PBXFileReference; lastKnownFileType = sourcecode.swift; path = CalenderController.swift; sourceTree = "<group>"; };
		C687A8892530B2EF00FA1C91 /* TargetController.swift */ = {isa = PBXFileReference; lastKnownFileType = sourcecode.swift; path = TargetController.swift; sourceTree = "<group>"; };
		C687A88B2530B32000FA1C91 /* SettingsController.swift */ = {isa = PBXFileReference; lastKnownFileType = sourcecode.swift; path = SettingsController.swift; sourceTree = "<group>"; };
		C6FD5CB525FA463C0048317F /* JTAppleCalendar.framework */ = {isa = PBXFileReference; explicitFileType = wrapper.framework; path = JTAppleCalendar.framework; sourceTree = BUILT_PRODUCTS_DIR; };
		C6FD5D2C25FBBD9D0048317F /* DateCell.swift */ = {isa = PBXFileReference; lastKnownFileType = sourcecode.swift; path = DateCell.swift; sourceTree = "<group>"; };
		C6FD5D3326062D9C0048317F /* CalendarSectionHeaderView.swift */ = {isa = PBXFileReference; lastKnownFileType = sourcecode.swift; path = CalendarSectionHeaderView.swift; sourceTree = "<group>"; };
		C6FD5D3426062D9C0048317F /* CalendarSectionHeaderView.xib */ = {isa = PBXFileReference; lastKnownFileType = file.xib; path = CalendarSectionHeaderView.xib; sourceTree = "<group>"; };
		F4BB24FC26248B9C00B742C5 /* AddSubGFunction.swift */ = {isa = PBXFileReference; lastKnownFileType = sourcecode.swift; path = AddSubGFunction.swift; sourceTree = "<group>"; };
		F4E83183261F3ADD00D2884B /* AddTargetViewController.swift */ = {isa = PBXFileReference; lastKnownFileType = sourcecode.swift; path = AddTargetViewController.swift; sourceTree = "<group>"; };
/* End PBXFileReference section */

/* Begin PBXFrameworksBuildPhase section */
		C64CFB99252775D40037431F /* Frameworks */ = {
			isa = PBXFrameworksBuildPhase;
			buildActionMask = 2147483647;
			files = (
				43BD96F4F6CE2B4D1B017837 /* Pods_test.framework in Frameworks */,
			);
			runOnlyForDeploymentPostprocessing = 0;
		};
/* End PBXFrameworksBuildPhase section */

/* Begin PBXGroup section */
		A823F4FE42BFAC6E40C22E99 /* Pods */ = {
			isa = PBXGroup;
			children = (
				9B140A2FD0CA829AB15A2097 /* Pods-test.debug.xcconfig */,
				0AA15F0F2E489A0D0F6ED123 /* Pods-test.release.xcconfig */,
			);
			path = Pods;
			sourceTree = "<group>";
		};
		C64667FD2577F5D40080409A /* Frameworks */ = {
			isa = PBXGroup;
			children = (
				C6FD5CB525FA463C0048317F /* JTAppleCalendar.framework */,
				336DB90D59DC2D8DC8566DAC /* Pods_test.framework */,
			);
			name = Frameworks;
			sourceTree = "<group>";
		};
		C64CFB93252775D40037431F = {
			isa = PBXGroup;
			children = (
				C64CFB9E252775D40037431F /* test */,
				C64CFB9D252775D40037431F /* Products */,
				C64667FD2577F5D40080409A /* Frameworks */,
				A823F4FE42BFAC6E40C22E99 /* Pods */,
			);
			sourceTree = "<group>";
			usesTabs = 0;
		};
		C64CFB9D252775D40037431F /* Products */ = {
			isa = PBXGroup;
			children = (
				C64CFB9C252775D40037431F /* test.app */,
			);
			name = Products;
			sourceTree = "<group>";
		};
		C64CFB9E252775D40037431F /* test */ = {
			isa = PBXGroup;
			children = (
				C6FD5D3226062AB00048317F /* Header */,
				C62A94462590EB7E0033CC46 /* blue_BCircle@3x.png */,
				C62A94482590EB7E0033CC46 /* green_BCircle@3x.png */,
				C62A94472590EB7E0033CC46 /* pink_BCircle@3x.png */,
				C62A94452590EB7E0033CC46 /* yellow_BCircle@3x.png */,
				562E5301262ADEEC00A76504 /* graycheck_btn@3x.png */,
				562E5302262ADEEC00A76504 /* greencheck_btn@3x.png */,
				C64CFB9F252775D40037431F /* AppDelegate.swift */,
				C64CFBA1252775D40037431F /* SceneDelegate.swift */,
				C64CFBA3252775D40037431F /* ViewController.swift */,
				C687A8852530B16000FA1C91 /* TodayController.swift */,
				F4E83183261F3ADD00D2884B /* AddTargetViewController.swift */,
				F4BB24FC26248B9C00B742C5 /* AddSubGFunction.swift */,
				C6FD5D2C25FBBD9D0048317F /* DateCell.swift */,
				C62A942B258E375D0033CC46 /* ColorSelect.swift */,
				C687A8872530B2AE00FA1C91 /* CalenderController.swift */,
				C687A8892530B2EF00FA1C91 /* TargetController.swift */,
				C687A88B2530B32000FA1C91 /* SettingsController.swift */,
				C64CFBA5252775D40037431F /* Main.storyboard */,
				C64CFBAB252775D70037431F /* Assets.xcassets */,
				C64CFBAD252775D70037431F /* LaunchScreen.storyboard */,
				C64CFBB0252775D70037431F /* Info.plist */,
				C64CFBA8252775D40037431F /* test.xcdatamodeld */,
				56D1F33C262566CB00B9FFFC /* eventData.swift */,
				56D1F3432625676F00B9FFFC /* addEvent.swift */,
				56D1F3472625678800B9FFFC /* selectDate.swift */,
				56D1F34B2625679F00B9FFFC /* MainViewController.swift */,
			);
			path = test;
			sourceTree = "<group>";
		};
		C6FD5D3226062AB00048317F /* Header */ = {
			isa = PBXGroup;
			children = (
				C6FD5D3326062D9C0048317F /* CalendarSectionHeaderView.swift */,
				C6FD5D3426062D9C0048317F /* CalendarSectionHeaderView.xib */,
			);
			path = Header;
			sourceTree = "<group>";
		};
/* End PBXGroup section */

/* Begin PBXNativeTarget section */
		C64CFB9B252775D40037431F /* test */ = {
			isa = PBXNativeTarget;
			buildConfigurationList = C64CFBB3252775D70037431F /* Build configuration list for PBXNativeTarget "test" */;
			buildPhases = (
				0036117EBEE21D0E36E065E0 /* [CP] Check Pods Manifest.lock */,
				C64CFB98252775D40037431F /* Sources */,
				C64CFB99252775D40037431F /* Frameworks */,
				C64CFB9A252775D40037431F /* Resources */,
				E417D19B9C6575C1DFD20DB1 /* [CP] Embed Pods Frameworks */,
			);
			buildRules = (
			);
			dependencies = (
			);
			name = test;
			productName = test;
			productReference = C64CFB9C252775D40037431F /* test.app */;
			productType = "com.apple.product-type.application";
		};
/* End PBXNativeTarget section */

/* Begin PBXProject section */
		C64CFB94252775D40037431F /* Project object */ = {
			isa = PBXProject;
			attributes = {
				LastSwiftUpdateCheck = 1160;
				LastUpgradeCheck = 1160;
				ORGANIZATIONNAME = graduateproj;
				TargetAttributes = {
					C64CFB9B252775D40037431F = {
						CreatedOnToolsVersion = 11.6;
					};
				};
			};
			buildConfigurationList = C64CFB97252775D40037431F /* Build configuration list for PBXProject "test" */;
			compatibilityVersion = "Xcode 10.0";
			developmentRegion = en;
			hasScannedForEncodings = 0;
			knownRegions = (
				en,
				Base,
			);
			mainGroup = C64CFB93252775D40037431F;
			productRefGroup = C64CFB9D252775D40037431F /* Products */;
			projectDirPath = "";
			projectRoot = "";
			targets = (
				C64CFB9B252775D40037431F /* test */,
			);
		};
/* End PBXProject section */

/* Begin PBXResourcesBuildPhase section */
		C64CFB9A252775D40037431F /* Resources */ = {
			isa = PBXResourcesBuildPhase;
			buildActionMask = 2147483647;
			files = (
				C64CFBAF252775D70037431F /* LaunchScreen.storyboard in Resources */,
				C6FD5D3626062D9C0048317F /* CalendarSectionHeaderView.xib in Resources */,
				C62A944A2590EB7F0033CC46 /* blue_BCircle@3x.png in Resources */,
				562E5303262ADEEC00A76504 /* graycheck_btn@3x.png in Resources */,
				C64CFBAC252775D70037431F /* Assets.xcassets in Resources */,
				C62A94492590EB7F0033CC46 /* yellow_BCircle@3x.png in Resources */,
				C62A944B2590EB7F0033CC46 /* pink_BCircle@3x.png in Resources */,
				562E5304262ADEEC00A76504 /* greencheck_btn@3x.png in Resources */,
				C62A944C2590EB7F0033CC46 /* green_BCircle@3x.png in Resources */,
				C64CFBA7252775D40037431F /* Main.storyboard in Resources */,
			);
			runOnlyForDeploymentPostprocessing = 0;
		};
/* End PBXResourcesBuildPhase section */

/* Begin PBXShellScriptBuildPhase section */
		0036117EBEE21D0E36E065E0 /* [CP] Check Pods Manifest.lock */ = {
			isa = PBXShellScriptBuildPhase;
			buildActionMask = 2147483647;
			files = (
			);
			inputFileListPaths = (
			);
			inputPaths = (
				"${PODS_PODFILE_DIR_PATH}/Podfile.lock",
				"${PODS_ROOT}/Manifest.lock",
			);
			name = "[CP] Check Pods Manifest.lock";
			outputFileListPaths = (
			);
			outputPaths = (
				"$(DERIVED_FILE_DIR)/Pods-test-checkManifestLockResult.txt",
			);
			runOnlyForDeploymentPostprocessing = 0;
			shellPath = /bin/sh;
			shellScript = "diff \"${PODS_PODFILE_DIR_PATH}/Podfile.lock\" \"${PODS_ROOT}/Manifest.lock\" > /dev/null\nif [ $? != 0 ] ; then\n    # print error to STDERR\n    echo \"error: The sandbox is not in sync with the Podfile.lock. Run 'pod install' or update your CocoaPods installation.\" >&2\n    exit 1\nfi\n# This output is used by Xcode 'outputs' to avoid re-running this script phase.\necho \"SUCCESS\" > \"${SCRIPT_OUTPUT_FILE_0}\"\n";
			showEnvVarsInLog = 0;
		};
		E417D19B9C6575C1DFD20DB1 /* [CP] Embed Pods Frameworks */ = {
			isa = PBXShellScriptBuildPhase;
			buildActionMask = 2147483647;
			files = (
			);
			inputFileListPaths = (
				"${PODS_ROOT}/Target Support Files/Pods-test/Pods-test-frameworks-${CONFIGURATION}-input-files.xcfilelist",
			);
			name = "[CP] Embed Pods Frameworks";
			outputFileListPaths = (
				"${PODS_ROOT}/Target Support Files/Pods-test/Pods-test-frameworks-${CONFIGURATION}-output-files.xcfilelist",
			);
			runOnlyForDeploymentPostprocessing = 0;
			shellPath = /bin/sh;
			shellScript = "\"${PODS_ROOT}/Target Support Files/Pods-test/Pods-test-frameworks.sh\"\n";
			showEnvVarsInLog = 0;
		};
/* End PBXShellScriptBuildPhase section */

/* Begin PBXSourcesBuildPhase section */
		C64CFB98252775D40037431F /* Sources */ = {
			isa = PBXSourcesBuildPhase;
			buildActionMask = 2147483647;
			files = (
				C687A88C2530B32000FA1C91 /* SettingsController.swift in Sources */,
				C64CFBA4252775D40037431F /* ViewController.swift in Sources */,
				56D1F3442625676F00B9FFFC /* addEvent.swift in Sources */,
				F4BB24FD26248B9C00B742C5 /* AddSubGFunction.swift in Sources */,
				C687A8882530B2AE00FA1C91 /* CalenderController.swift in Sources */,
				C62A942C258E375D0033CC46 /* ColorSelect.swift in Sources */,
				C64CFBAA252775D40037431F /* test.xcdatamodeld in Sources */,
				C687A88A2530B2EF00FA1C91 /* TargetController.swift in Sources */,
				F4E83184261F3ADD00D2884B /* AddTargetViewController.swift in Sources */,
				C6FD5D2D25FBBD9D0048317F /* DateCell.swift in Sources */,
				56D1F33D262566CB00B9FFFC /* eventData.swift in Sources */,
				C64CFBA0252775D40037431F /* AppDelegate.swift in Sources */,
				56D1F3482625678800B9FFFC /* selectDate.swift in Sources */,
				C6FD5D3526062D9C0048317F /* CalendarSectionHeaderView.swift in Sources */,
				56D1F34C2625679F00B9FFFC /* MainViewController.swift in Sources */,
				C64CFBA2252775D40037431F /* SceneDelegate.swift in Sources */,
				C687A8862530B16000FA1C91 /* TodayController.swift in Sources */,
			);
			runOnlyForDeploymentPostprocessing = 0;
		};
/* End PBXSourcesBuildPhase section */

/* Begin PBXVariantGroup section */
		C64CFBA5252775D40037431F /* Main.storyboard */ = {
			isa = PBXVariantGroup;
			children = (
				C64CFBA6252775D40037431F /* Base */,
			);
			name = Main.storyboard;
			sourceTree = "<group>";
		};
		C64CFBAD252775D70037431F /* LaunchScreen.storyboard */ = {
			isa = PBXVariantGroup;
			children = (
				C64CFBAE252775D70037431F /* Base */,
			);
			name = LaunchScreen.storyboard;
			sourceTree = "<group>";
		};
/* End PBXVariantGroup section */

/* Begin XCBuildConfiguration section */
		C64CFBB1252775D70037431F /* Debug */ = {
			isa = XCBuildConfiguration;
			buildSettings = {
				ALWAYS_SEARCH_USER_PATHS = NO;
				CLANG_ANALYZER_NONNULL = YES;
				CLANG_ANALYZER_NUMBER_OBJECT_CONVERSION = YES_AGGRESSIVE;
				CLANG_CXX_LANGUAGE_STANDARD = "gnu++14";
				CLANG_CXX_LIBRARY = "libc++";
				CLANG_ENABLE_MODULES = YES;
				CLANG_ENABLE_OBJC_ARC = YES;
				CLANG_ENABLE_OBJC_WEAK = YES;
				CLANG_WARN_BLOCK_CAPTURE_AUTORELEASING = YES;
				CLANG_WARN_BOOL_CONVERSION = YES;
				CLANG_WARN_COMMA = YES;
				CLANG_WARN_CONSTANT_CONVERSION = YES;
				CLANG_WARN_DEPRECATED_OBJC_IMPLEMENTATIONS = YES;
				CLANG_WARN_DIRECT_OBJC_ISA_USAGE = YES_ERROR;
				CLANG_WARN_DOCUMENTATION_COMMENTS = YES;
				CLANG_WARN_EMPTY_BODY = YES;
				CLANG_WARN_ENUM_CONVERSION = YES;
				CLANG_WARN_INFINITE_RECURSION = YES;
				CLANG_WARN_INT_CONVERSION = YES;
				CLANG_WARN_NON_LITERAL_NULL_CONVERSION = YES;
				CLANG_WARN_OBJC_IMPLICIT_RETAIN_SELF = YES;
				CLANG_WARN_OBJC_LITERAL_CONVERSION = YES;
				CLANG_WARN_OBJC_ROOT_CLASS = YES_ERROR;
				CLANG_WARN_RANGE_LOOP_ANALYSIS = YES;
				CLANG_WARN_STRICT_PROTOTYPES = YES;
				CLANG_WARN_SUSPICIOUS_MOVE = YES;
				CLANG_WARN_UNGUARDED_AVAILABILITY = YES_AGGRESSIVE;
				CLANG_WARN_UNREACHABLE_CODE = YES;
				CLANG_WARN__DUPLICATE_METHOD_MATCH = YES;
				COPY_PHASE_STRIP = NO;
				DEBUG_INFORMATION_FORMAT = dwarf;
				ENABLE_STRICT_OBJC_MSGSEND = YES;
				ENABLE_TESTABILITY = YES;
				GCC_C_LANGUAGE_STANDARD = gnu11;
				GCC_DYNAMIC_NO_PIC = NO;
				GCC_NO_COMMON_BLOCKS = YES;
				GCC_OPTIMIZATION_LEVEL = 0;
				GCC_PREPROCESSOR_DEFINITIONS = (
					"DEBUG=1",
					"$(inherited)",
				);
				GCC_WARN_64_TO_32_BIT_CONVERSION = YES;
				GCC_WARN_ABOUT_RETURN_TYPE = YES_ERROR;
				GCC_WARN_UNDECLARED_SELECTOR = YES;
				GCC_WARN_UNINITIALIZED_AUTOS = YES_AGGRESSIVE;
				GCC_WARN_UNUSED_FUNCTION = YES;
				GCC_WARN_UNUSED_VARIABLE = YES;
				IPHONEOS_DEPLOYMENT_TARGET = 13.6;
				MTL_ENABLE_DEBUG_INFO = INCLUDE_SOURCE;
				MTL_FAST_MATH = YES;
				ONLY_ACTIVE_ARCH = YES;
				SDKROOT = iphoneos;
				SWIFT_ACTIVE_COMPILATION_CONDITIONS = DEBUG;
				SWIFT_OPTIMIZATION_LEVEL = "-Onone";
			};
			name = Debug;
		};
		C64CFBB2252775D70037431F /* Release */ = {
			isa = XCBuildConfiguration;
			buildSettings = {
				ALWAYS_SEARCH_USER_PATHS = NO;
				CLANG_ANALYZER_NONNULL = YES;
				CLANG_ANALYZER_NUMBER_OBJECT_CONVERSION = YES_AGGRESSIVE;
				CLANG_CXX_LANGUAGE_STANDARD = "gnu++14";
				CLANG_CXX_LIBRARY = "libc++";
				CLANG_ENABLE_MODULES = YES;
				CLANG_ENABLE_OBJC_ARC = YES;
				CLANG_ENABLE_OBJC_WEAK = YES;
				CLANG_WARN_BLOCK_CAPTURE_AUTORELEASING = YES;
				CLANG_WARN_BOOL_CONVERSION = YES;
				CLANG_WARN_COMMA = YES;
				CLANG_WARN_CONSTANT_CONVERSION = YES;
				CLANG_WARN_DEPRECATED_OBJC_IMPLEMENTATIONS = YES;
				CLANG_WARN_DIRECT_OBJC_ISA_USAGE = YES_ERROR;
				CLANG_WARN_DOCUMENTATION_COMMENTS = YES;
				CLANG_WARN_EMPTY_BODY = YES;
				CLANG_WARN_ENUM_CONVERSION = YES;
				CLANG_WARN_INFINITE_RECURSION = YES;
				CLANG_WARN_INT_CONVERSION = YES;
				CLANG_WARN_NON_LITERAL_NULL_CONVERSION = YES;
				CLANG_WARN_OBJC_IMPLICIT_RETAIN_SELF = YES;
				CLANG_WARN_OBJC_LITERAL_CONVERSION = YES;
				CLANG_WARN_OBJC_ROOT_CLASS = YES_ERROR;
				CLANG_WARN_RANGE_LOOP_ANALYSIS = YES;
				CLANG_WARN_STRICT_PROTOTYPES = YES;
				CLANG_WARN_SUSPICIOUS_MOVE = YES;
				CLANG_WARN_UNGUARDED_AVAILABILITY = YES_AGGRESSIVE;
				CLANG_WARN_UNREACHABLE_CODE = YES;
				CLANG_WARN__DUPLICATE_METHOD_MATCH = YES;
				COPY_PHASE_STRIP = NO;
				DEBUG_INFORMATION_FORMAT = "dwarf-with-dsym";
				ENABLE_NS_ASSERTIONS = NO;
				ENABLE_STRICT_OBJC_MSGSEND = YES;
				GCC_C_LANGUAGE_STANDARD = gnu11;
				GCC_NO_COMMON_BLOCKS = YES;
				GCC_WARN_64_TO_32_BIT_CONVERSION = YES;
				GCC_WARN_ABOUT_RETURN_TYPE = YES_ERROR;
				GCC_WARN_UNDECLARED_SELECTOR = YES;
				GCC_WARN_UNINITIALIZED_AUTOS = YES_AGGRESSIVE;
				GCC_WARN_UNUSED_FUNCTION = YES;
				GCC_WARN_UNUSED_VARIABLE = YES;
				IPHONEOS_DEPLOYMENT_TARGET = 13.6;
				MTL_ENABLE_DEBUG_INFO = NO;
				MTL_FAST_MATH = YES;
				SDKROOT = iphoneos;
				SWIFT_COMPILATION_MODE = wholemodule;
				SWIFT_OPTIMIZATION_LEVEL = "-O";
				"SYSTEM_FRAMEWORK_SEARCH_PATHS[arch=*]" = "$(SRCROOT)";
				VALIDATE_PRODUCT = YES;
			};
			name = Release;
		};
		C64CFBB4252775D70037431F /* Debug */ = {
			isa = XCBuildConfiguration;
			baseConfigurationReference = 9B140A2FD0CA829AB15A2097 /* Pods-test.debug.xcconfig */;
			buildSettings = {
				ASSETCATALOG_COMPILER_APPICON_NAME = AppIcon;
				CODE_SIGN_STYLE = Automatic;
				DEVELOPMENT_ASSET_PATHS = "";
				DEVELOPMENT_TEAM = R2V43PS48N;
				INFOPLIST_FILE = test/Info.plist;
				LD_RUNPATH_SEARCH_PATHS = (
					"$(inherited)",
					"@executable_path/Frameworks",
				);
				PRODUCT_BUNDLE_IDENTIFIER = graduateproj.test;
				PRODUCT_NAME = "$(TARGET_NAME)";
				SWIFT_VERSION = 5.0;
				TARGETED_DEVICE_FAMILY = "1,2";
			};
			name = Debug;
		};
		C64CFBB5252775D70037431F /* Release */ = {
			isa = XCBuildConfiguration;
			baseConfigurationReference = 0AA15F0F2E489A0D0F6ED123 /* Pods-test.release.xcconfig */;
			buildSettings = {
				ASSETCATALOG_COMPILER_APPICON_NAME = AppIcon;
				CODE_SIGN_STYLE = Automatic;
				DEVELOPMENT_ASSET_PATHS = "";
				DEVELOPMENT_TEAM = R2V43PS48N;
				INFOPLIST_FILE = test/Info.plist;
				LD_RUNPATH_SEARCH_PATHS = (
					"$(inherited)",
					"@executable_path/Frameworks",
				);
				PRODUCT_BUNDLE_IDENTIFIER = graduateproj.test;
				PRODUCT_NAME = "$(TARGET_NAME)";
				SWIFT_VERSION = 5.0;
				TARGETED_DEVICE_FAMILY = "1,2";
			};
			name = Release;
		};
/* End XCBuildConfiguration section */

/* Begin XCConfigurationList section */
		C64CFB97252775D40037431F /* Build configuration list for PBXProject "test" */ = {
			isa = XCConfigurationList;
			buildConfigurations = (
				C64CFBB1252775D70037431F /* Debug */,
				C64CFBB2252775D70037431F /* Release */,
			);
			defaultConfigurationIsVisible = 0;
			defaultConfigurationName = Release;
		};
		C64CFBB3252775D70037431F /* Build configuration list for PBXNativeTarget "test" */ = {
			isa = XCConfigurationList;
			buildConfigurations = (
				C64CFBB4252775D70037431F /* Debug */,
				C64CFBB5252775D70037431F /* Release */,
			);
			defaultConfigurationIsVisible = 0;
			defaultConfigurationName = Release;
		};
/* End XCConfigurationList section */

/* Begin XCVersionGroup section */
		C64CFBA8252775D40037431F /* test.xcdatamodeld */ = {
			isa = XCVersionGroup;
			children = (
				C64CFBA9252775D40037431F /* test.xcdatamodel */,
			);
			currentVersion = C64CFBA9252775D40037431F /* test.xcdatamodel */;
			path = test.xcdatamodeld;
			sourceTree = "<group>";
			versionGroupType = wrapper.xcdatamodel;
		};
/* End XCVersionGroup section */
	};
	rootObject = C64CFB94252775D40037431F /* Project object */;
}
